
Microsoft Visual Studio Solution File, Format Version 12.00
# Visual Studio Version 17
VisualStudioVersion = 17.3.32922.545
MinimumVisualStudioVersion = 10.0.40219.1
Project("{FAE04EC0-301F-11D3-BF4B-00C04F79EFBC}") = "Aula01-LINQ", "Aula01-LINQ\Aula01-LINQ.csproj", "{104F0568-5F09-414A-85AF-B0369EFA3616}"
EndProject
Global
	GlobalSection(SolutionConfigurationPlatforms) = preSolution
		Debug|Any CPU = Debug|Any CPU
		Release|Any CPU = Release|Any CPU
	EndGlobalSection
	GlobalSection(ProjectConfigurationPlatforms) = postSolution
		{104F0568-5F09-414A-85AF-B0369EFA3616}.Debug|Any CPU.ActiveCfg = Debug|Any CPU
		{104F0568-5F09-414A-85AF-B0369EFA3616}.Debug|Any CPU.Build.0 = Debug|Any CPU
		{104F0568-5F09-414A-85AF-B0369EFA3616}.Release|Any CPU.ActiveCfg = Release|Any CPU
		{104F0568-5F09-414A-85AF-B0369EFA3616}.Release|Any CPU.Build.0 = Release|Any CPU
	EndGlobalSection
	GlobalSection(SolutionProperties) = preSolution
		HideSolutionNode = FALSE
	EndGlobalSection
	GlobalSection(ExtensibilityGlobals) = postSolution
		SolutionGuid = {E24526E3-A93A-401C-BCE0-3304A1528876}
	EndGlobalSection
EndGlobal
